
Microsoft Visual Studio Solution File, Format Version 12.00
# Visual Studio Version 16
VisualStudioVersion = 16.0.31515.178
MinimumVisualStudioVersion = 10.0.40219.1
Project("{FAE04EC0-301F-11D3-BF4B-00C04F79EFBC}") = "Ex1", "Ex1\Ex1.csproj", "{4ABB2CC6-480F-4047-8188-7F827EF1639C}"
EndProject
Global
	GlobalSection(SolutionConfigurationPlatforms) = preSolution
		Debug|Any CPU = Debug|Any CPU
		Release|Any CPU = Release|Any CPU
	EndGlobalSection
	GlobalSection(ProjectConfigurationPlatforms) = postSolution
		{4ABB2CC6-480F-4047-8188-7F827EF1639C}.Debug|Any CPU.ActiveCfg = Debug|Any CPU
		{4ABB2CC6-480F-4047-8188-7F827EF1639C}.Debug|Any CPU.Build.0 = Debug|Any CPU
		{4ABB2CC6-480F-4047-8188-7F827EF1639C}.Release|Any CPU.ActiveCfg = Release|Any CPU
		{4ABB2CC6-480F-4047-8188-7F827EF1639C}.Release|Any CPU.Build.0 = Release|Any CPU
	EndGlobalSection
	GlobalSection(SolutionProperties) = preSolution
		HideSolutionNode = FALSE
	EndGlobalSection
	GlobalSection(ExtensibilityGlobals) = postSolution
		SolutionGuid = {1344B6CA-799F-4B53-8D70-AB5E311671BD}
	EndGlobalSection
EndGlobal
